
Microsoft Visual Studio Solution File, Format Version 12.00
# Visual Studio Version 17
VisualStudioVersion = 17.11.35327.3
MinimumVisualStudioVersion = 10.0.40219.1
Project("{FAE04EC0-301F-11D3-BF4B-00C04F79EFBC}") = "WinForms", "WinForms.csproj", "{E54F7446-C74F-4B33-AFE1-19B4186EE702}"
EndProject
Global
	GlobalSection(SolutionConfigurationPlatforms) = preSolution
		Debug|Any CPU = Debug|Any CPU
		Release|Any CPU = Release|Any CPU
	EndGlobalSection
	GlobalSection(ProjectConfigurationPlatforms) = postSolution
		{E54F7446-C74F-4B33-AFE1-19B4186EE702}.Debug|Any CPU.ActiveCfg = Debug|Any CPU
		{E54F7446-C74F-4B33-AFE1-19B4186EE702}.Debug|Any CPU.Build.0 = Debug|Any CPU
		{E54F7446-C74F-4B33-AFE1-19B4186EE702}.Release|Any CPU.ActiveCfg = Release|Any CPU
		{E54F7446-C74F-4B33-AFE1-19B4186EE702}.Release|Any CPU.Build.0 = Release|Any CPU
	EndGlobalSection
	GlobalSection(SolutionProperties) = preSolution
		HideSolutionNode = FALSE
	EndGlobalSection
	GlobalSection(ExtensibilityGlobals) = postSolution
		SolutionGuid = {B3BE5945-7482-4B35-B089-6D9F83435E98}
	EndGlobalSection
EndGlobal
